// !$*UTF8*$!
{
	archiveVersion = 1;
	classes = {
	};
	objectVersion = 50;
	objects = {

/* Begin PBXBuildFile section */
		AA49301124B705D200E659D5 /* GHButton.swift in Sources */ = {isa = PBXBuildFile; fileRef = AA49301024B705D200E659D5 /* GHButton.swift */; };
		AA49301324B705F300E659D5 /* GHTextField.swift in Sources */ = {isa = PBXBuildFile; fileRef = AA49301224B705F300E659D5 /* GHTextField.swift */; };
		AA49301524B7061A00E659D5 /* GHBodyLabel.swift in Sources */ = {isa = PBXBuildFile; fileRef = AA49301424B7061A00E659D5 /* GHBodyLabel.swift */; };
		AA49301724B7063300E659D5 /* GHTitleLabel.swift in Sources */ = {isa = PBXBuildFile; fileRef = AA49301624B7063300E659D5 /* GHTitleLabel.swift */; };
		AA49301924B72CEE00E659D5 /* UserDetailsVC.swift in Sources */ = {isa = PBXBuildFile; fileRef = AA49301824B72CEE00E659D5 /* UserDetailsVC.swift */; };
		AA49301B24B7365000E659D5 /* AlertView.swift in Sources */ = {isa = PBXBuildFile; fileRef = AA49301A24B7365000E659D5 /* AlertView.swift */; };
		AA59FEB624B6F3AC0020F408 /* AppDelegate.swift in Sources */ = {isa = PBXBuildFile; fileRef = AA59FEB524B6F3AC0020F408 /* AppDelegate.swift */; };
		AA59FEB824B6F3AC0020F408 /* SceneDelegate.swift in Sources */ = {isa = PBXBuildFile; fileRef = AA59FEB724B6F3AC0020F408 /* SceneDelegate.swift */; };
		AA59FEBF24B6F3AE0020F408 /* Assets.xcassets in Resources */ = {isa = PBXBuildFile; fileRef = AA59FEBE24B6F3AE0020F408 /* Assets.xcassets */; };
		AA59FECA24B6F9450020F408 /* SearchVC.swift in Sources */ = {isa = PBXBuildFile; fileRef = AA59FEC924B6F9450020F408 /* SearchVC.swift */; };
		AA59FECC24B6F9770020F408 /* FavoriteVC.swift in Sources */ = {isa = PBXBuildFile; fileRef = AA59FECB24B6F9770020F408 /* FavoriteVC.swift */; };
		AA6F4D0824B8858200471C50 /* User.swift in Sources */ = {isa = PBXBuildFile; fileRef = AA6F4D0724B8858200471C50 /* User.swift */; };
		AA6F4D0C24B88A6100471C50 /* NetworkManager.swift in Sources */ = {isa = PBXBuildFile; fileRef = AA6F4D0B24B88A6100471C50 /* NetworkManager.swift */; };
		AA6F4D0E24B9A24F00471C50 /* UIView + Ex.swift in Sources */ = {isa = PBXBuildFile; fileRef = AA6F4D0D24B9A24F00471C50 /* UIView + Ex.swift */; };
		AA6F4D1124B9B98D00471C50 /* ErrorMessage.swift in Sources */ = {isa = PBXBuildFile; fileRef = AA6F4D1024B9B98D00471C50 /* ErrorMessage.swift */; };
		AAB7B2C424BB239E003EB328 /* FollowerListVC.swift in Sources */ = {isa = PBXBuildFile; fileRef = AAB7B2C324BB239E003EB328 /* FollowerListVC.swift */; };
		AAB7B2C624BB2538003EB328 /* Follower.swift in Sources */ = {isa = PBXBuildFile; fileRef = AAB7B2C524BB2538003EB328 /* Follower.swift */; };
		AABB73E424B86CBC005F162D /* Launch Screen.storyboard in Resources */ = {isa = PBXBuildFile; fileRef = AABB73E324B86CBC005F162D /* Launch Screen.storyboard */; };
/* End PBXBuildFile section */

/* Begin PBXFileReference section */
		AA49301024B705D200E659D5 /* GHButton.swift */ = {isa = PBXFileReference; lastKnownFileType = sourcecode.swift; path = GHButton.swift; sourceTree = "<group>"; };
		AA49301224B705F300E659D5 /* GHTextField.swift */ = {isa = PBXFileReference; lastKnownFileType = sourcecode.swift; path = GHTextField.swift; sourceTree = "<group>"; };
		AA49301424B7061A00E659D5 /* GHBodyLabel.swift */ = {isa = PBXFileReference; lastKnownFileType = sourcecode.swift; path = GHBodyLabel.swift; sourceTree = "<group>"; };
		AA49301624B7063300E659D5 /* GHTitleLabel.swift */ = {isa = PBXFileReference; lastKnownFileType = sourcecode.swift; path = GHTitleLabel.swift; sourceTree = "<group>"; };
		AA49301824B72CEE00E659D5 /* UserDetailsVC.swift */ = {isa = PBXFileReference; lastKnownFileType = sourcecode.swift; path = UserDetailsVC.swift; sourceTree = "<group>"; };
		AA49301A24B7365000E659D5 /* AlertView.swift */ = {isa = PBXFileReference; lastKnownFileType = sourcecode.swift; path = AlertView.swift; sourceTree = "<group>"; };
		AA59FEB224B6F3AC0020F408 /* iGitHub.app */ = {isa = PBXFileReference; explicitFileType = wrapper.application; includeInIndex = 0; path = iGitHub.app; sourceTree = BUILT_PRODUCTS_DIR; };
		AA59FEB524B6F3AC0020F408 /* AppDelegate.swift */ = {isa = PBXFileReference; lastKnownFileType = sourcecode.swift; path = AppDelegate.swift; sourceTree = "<group>"; };
		AA59FEB724B6F3AC0020F408 /* SceneDelegate.swift */ = {isa = PBXFileReference; lastKnownFileType = sourcecode.swift; path = SceneDelegate.swift; sourceTree = "<group>"; };
		AA59FEBE24B6F3AE0020F408 /* Assets.xcassets */ = {isa = PBXFileReference; lastKnownFileType = folder.assetcatalog; path = Assets.xcassets; sourceTree = "<group>"; };
		AA59FEC324B6F3AE0020F408 /* Info.plist */ = {isa = PBXFileReference; lastKnownFileType = text.plist.xml; path = Info.plist; sourceTree = "<group>"; };
		AA59FEC924B6F9450020F408 /* SearchVC.swift */ = {isa = PBXFileReference; lastKnownFileType = sourcecode.swift; path = SearchVC.swift; sourceTree = "<group>"; };
		AA59FECB24B6F9770020F408 /* FavoriteVC.swift */ = {isa = PBXFileReference; lastKnownFileType = sourcecode.swift; path = FavoriteVC.swift; sourceTree = "<group>"; };
		AA6F4D0724B8858200471C50 /* User.swift */ = {isa = PBXFileReference; lastKnownFileType = sourcecode.swift; path = User.swift; sourceTree = "<group>"; };
		AA6F4D0B24B88A6100471C50 /* NetworkManager.swift */ = {isa = PBXFileReference; lastKnownFileType = sourcecode.swift; path = NetworkManager.swift; sourceTree = "<group>"; };
		AA6F4D0D24B9A24F00471C50 /* UIView + Ex.swift */ = {isa = PBXFileReference; lastKnownFileType = sourcecode.swift; path = "UIView + Ex.swift"; sourceTree = "<group>"; };
		AA6F4D1024B9B98D00471C50 /* ErrorMessage.swift */ = {isa = PBXFileReference; lastKnownFileType = sourcecode.swift; path = ErrorMessage.swift; sourceTree = "<group>"; };
		AAB7B2C324BB239E003EB328 /* FollowerListVC.swift */ = {isa = PBXFileReference; lastKnownFileType = sourcecode.swift; path = FollowerListVC.swift; sourceTree = "<group>"; };
		AAB7B2C524BB2538003EB328 /* Follower.swift */ = {isa = PBXFileReference; lastKnownFileType = sourcecode.swift; path = Follower.swift; sourceTree = "<group>"; };
		AABB73E324B86CBC005F162D /* Launch Screen.storyboard */ = {isa = PBXFileReference; lastKnownFileType = file.storyboard; path = "Launch Screen.storyboard"; sourceTree = "<group>"; };
/* End PBXFileReference section */

/* Begin PBXFrameworksBuildPhase section */
		AA59FEAF24B6F3AC0020F408 /* Frameworks */ = {
			isa = PBXFrameworksBuildPhase;
			buildActionMask = 2147483647;
			files = (
			);
			runOnlyForDeploymentPostprocessing = 0;
		};
/* End PBXFrameworksBuildPhase section */

/* Begin PBXGroup section */
		AA59FEA924B6F3AC0020F408 = {
			isa = PBXGroup;
			children = (
				AA59FEB424B6F3AC0020F408 /* iGitHub */,
				AA59FEB324B6F3AC0020F408 /* Products */,
			);
			sourceTree = "<group>";
		};
		AA59FEB324B6F3AC0020F408 /* Products */ = {
			isa = PBXGroup;
			children = (
				AA59FEB224B6F3AC0020F408 /* iGitHub.app */,
			);
			name = Products;
			sourceTree = "<group>";
		};
		AA59FEB424B6F3AC0020F408 /* iGitHub */ = {
			isa = PBXGroup;
			children = (
				AABB73DE24B866FA005F162D /* Core */,
				AA6F4D0924B88A2200471C50 /* Managers */,
				AA6F4D0624B8856700471C50 /* Model */,
				AABB73E024B86740005F162D /* Views */,
				AABB73DF24B86723005F162D /* Scenes */,
				AABB73E224B8680B005F162D /* Extentions */,
				AA6F4D0F24B9B95400471C50 /* Utalities */,
				AABB73E124B8676B005F162D /* Support files */,
			);
			path = iGitHub;
			sourceTree = "<group>";
		};
		AA6F4D0624B8856700471C50 /* Model */ = {
			isa = PBXGroup;
			children = (
				AA6F4D0724B8858200471C50 /* User.swift */,
				AAB7B2C524BB2538003EB328 /* Follower.swift */,
			);
			path = Model;
			sourceTree = "<group>";
		};
		AA6F4D0924B88A2200471C50 /* Managers */ = {
			isa = PBXGroup;
			children = (
				AA6F4D0B24B88A6100471C50 /* NetworkManager.swift */,
			);
			path = Managers;
			sourceTree = "<group>";
		};
		AA6F4D0F24B9B95400471C50 /* Utalities */ = {
			isa = PBXGroup;
			children = (
				AA6F4D1024B9B98D00471C50 /* ErrorMessage.swift */,
			);
			path = Utalities;
			sourceTree = "<group>";
		};
		AABB73DE24B866FA005F162D /* Core */ = {
			isa = PBXGroup;
			children = (
				AA59FEB524B6F3AC0020F408 /* AppDelegate.swift */,
				AA59FEB724B6F3AC0020F408 /* SceneDelegate.swift */,
			);
			path = Core;
			sourceTree = "<group>";
		};
		AABB73DF24B86723005F162D /* Scenes */ = {
			isa = PBXGroup;
			children = (
				AA59FEC924B6F9450020F408 /* SearchVC.swift */,
				AA49301824B72CEE00E659D5 /* UserDetailsVC.swift */,
				AA59FECB24B6F9770020F408 /* FavoriteVC.swift */,
				AAB7B2C324BB239E003EB328 /* FollowerListVC.swift */,
			);
			path = Scenes;
			sourceTree = "<group>";
		};
		AABB73E024B86740005F162D /* Views */ = {
			isa = PBXGroup;
			children = (
				AA49301A24B7365000E659D5 /* AlertView.swift */,
				AA49301024B705D200E659D5 /* GHButton.swift */,
				AA49301224B705F300E659D5 /* GHTextField.swift */,
				AA49301424B7061A00E659D5 /* GHBodyLabel.swift */,
				AA49301624B7063300E659D5 /* GHTitleLabel.swift */,
			);
			path = Views;
			sourceTree = "<group>";
		};
		AABB73E124B8676B005F162D /* Support files */ = {
			isa = PBXGroup;
			children = (
				AA59FEBE24B6F3AE0020F408 /* Assets.xcassets */,
				AA59FEC324B6F3AE0020F408 /* Info.plist */,
				AABB73E324B86CBC005F162D /* Launch Screen.storyboard */,
			);
			path = "Support files";
			sourceTree = "<group>";
		};
		AABB73E224B8680B005F162D /* Extentions */ = {
			isa = PBXGroup;
			children = (
				AA6F4D0D24B9A24F00471C50 /* UIView + Ex.swift */,
			);
			path = Extentions;
			sourceTree = "<group>";
		};
/* End PBXGroup section */

/* Begin PBXNativeTarget section */
		AA59FEB124B6F3AC0020F408 /* iGitHub */ = {
			isa = PBXNativeTarget;
			buildConfigurationList = AA59FEC624B6F3AE0020F408 /* Build configuration list for PBXNativeTarget "iGitHub" */;
			buildPhases = (
				AA59FEAE24B6F3AC0020F408 /* Sources */,
				AA59FEAF24B6F3AC0020F408 /* Frameworks */,
				AA59FEB024B6F3AC0020F408 /* Resources */,
			);
			buildRules = (
			);
			dependencies = (
			);
			name = iGitHub;
			productName = iGitHub;
			productReference = AA59FEB224B6F3AC0020F408 /* iGitHub.app */;
			productType = "com.apple.product-type.application";
		};
/* End PBXNativeTarget section */

/* Begin PBXProject section */
		AA59FEAA24B6F3AC0020F408 /* Project object */ = {
			isa = PBXProject;
			attributes = {
				LastSwiftUpdateCheck = 1150;
				LastUpgradeCheck = 1150;
				ORGANIZATIONNAME = ioslam.co;
				TargetAttributes = {
					AA59FEB124B6F3AC0020F408 = {
						CreatedOnToolsVersion = 11.5;
					};
				};
			};
			buildConfigurationList = AA59FEAD24B6F3AC0020F408 /* Build configuration list for PBXProject "iGitHub" */;
			compatibilityVersion = "Xcode 9.3";
			developmentRegion = en;
			hasScannedForEncodings = 0;
			knownRegions = (
				en,
				Base,
			);
			mainGroup = AA59FEA924B6F3AC0020F408;
			productRefGroup = AA59FEB324B6F3AC0020F408 /* Products */;
			projectDirPath = "";
			projectRoot = "";
			targets = (
				AA59FEB124B6F3AC0020F408 /* iGitHub */,
			);
		};
/* End PBXProject section */

/* Begin PBXResourcesBuildPhase section */
		AA59FEB024B6F3AC0020F408 /* Resources */ = {
			isa = PBXResourcesBuildPhase;
			buildActionMask = 2147483647;
			files = (
				AABB73E424B86CBC005F162D /* Launch Screen.storyboard in Resources */,
				AA59FEBF24B6F3AE0020F408 /* Assets.xcassets in Resources */,
			);
			runOnlyForDeploymentPostprocessing = 0;
		};
/* End PBXResourcesBuildPhase section */

/* Begin PBXSourcesBuildPhase section */
		AA59FEAE24B6F3AC0020F408 /* Sources */ = {
			isa = PBXSourcesBuildPhase;
			buildActionMask = 2147483647;
			files = (
				AA6F4D0C24B88A6100471C50 /* NetworkManager.swift in Sources */,
				AA49301124B705D200E659D5 /* GHButton.swift in Sources */,
				AA49301524B7061A00E659D5 /* GHBodyLabel.swift in Sources */,
				AAB7B2C624BB2538003EB328 /* Follower.swift in Sources */,
				AA59FECA24B6F9450020F408 /* SearchVC.swift in Sources */,
				AA49301324B705F300E659D5 /* GHTextField.swift in Sources */,
				AA59FEB624B6F3AC0020F408 /* AppDelegate.swift in Sources */,
				AA49301B24B7365000E659D5 /* AlertView.swift in Sources */,
				AA59FECC24B6F9770020F408 /* FavoriteVC.swift in Sources */,
				AA6F4D1124B9B98D00471C50 /* ErrorMessage.swift in Sources */,
				AA49301924B72CEE00E659D5 /* UserDetailsVC.swift in Sources */,
				AA49301724B7063300E659D5 /* GHTitleLabel.swift in Sources */,
				AA59FEB824B6F3AC0020F408 /* SceneDelegate.swift in Sources */,
				AAB7B2C424BB239E003EB328 /* FollowerListVC.swift in Sources */,
				AA6F4D0E24B9A24F00471C50 /* UIView + Ex.swift in Sources */,
				AA6F4D0824B8858200471C50 /* User.swift in Sources */,
			);
			runOnlyForDeploymentPostprocessing = 0;
		};
/* End PBXSourcesBuildPhase section */

/* Begin XCBuildConfiguration section */
		AA59FEC424B6F3AE0020F408 /* Debug */ = {
			isa = XCBuildConfiguration;
			buildSettings = {
				ALWAYS_SEARCH_USER_PATHS = NO;
				CLANG_ANALYZER_NONNULL = YES;
				CLANG_ANALYZER_NUMBER_OBJECT_CONVERSION = YES_AGGRESSIVE;
				CLANG_CXX_LANGUAGE_STANDARD = "gnu++14";
				CLANG_CXX_LIBRARY = "libc++";
				CLANG_ENABLE_MODULES = YES;
				CLANG_ENABLE_OBJC_ARC = YES;
				CLANG_ENABLE_OBJC_WEAK = YES;
				CLANG_WARN_BLOCK_CAPTURE_AUTORELEASING = YES;
				CLANG_WARN_BOOL_CONVERSION = YES;
				CLANG_WARN_COMMA = YES;
				CLANG_WARN_CONSTANT_CONVERSION = YES;
				CLANG_WARN_DEPRECATED_OBJC_IMPLEMENTATIONS = YES;
				CLANG_WARN_DIRECT_OBJC_ISA_USAGE = YES_ERROR;
				CLANG_WARN_DOCUMENTATION_COMMENTS = YES;
				CLANG_WARN_EMPTY_BODY = YES;
				CLANG_WARN_ENUM_CONVERSION = YES;
				CLANG_WARN_INFINITE_RECURSION = YES;
				CLANG_WARN_INT_CONVERSION = YES;
				CLANG_WARN_NON_LITERAL_NULL_CONVERSION = YES;
				CLANG_WARN_OBJC_IMPLICIT_RETAIN_SELF = YES;
				CLANG_WARN_OBJC_LITERAL_CONVERSION = YES;
				CLANG_WARN_OBJC_ROOT_CLASS = YES_ERROR;
				CLANG_WARN_RANGE_LOOP_ANALYSIS = YES;
				CLANG_WARN_STRICT_PROTOTYPES = YES;
				CLANG_WARN_SUSPICIOUS_MOVE = YES;
				CLANG_WARN_UNGUARDED_AVAILABILITY = YES_AGGRESSIVE;
				CLANG_WARN_UNREACHABLE_CODE = YES;
				CLANG_WARN__DUPLICATE_METHOD_MATCH = YES;
				COPY_PHASE_STRIP = NO;
				DEBUG_INFORMATION_FORMAT = dwarf;
				ENABLE_STRICT_OBJC_MSGSEND = YES;
				ENABLE_TESTABILITY = YES;
				GCC_C_LANGUAGE_STANDARD = gnu11;
				GCC_DYNAMIC_NO_PIC = NO;
				GCC_NO_COMMON_BLOCKS = YES;
				GCC_OPTIMIZATION_LEVEL = 0;
				GCC_PREPROCESSOR_DEFINITIONS = (
					"DEBUG=1",
					"$(inherited)",
				);
				GCC_WARN_64_TO_32_BIT_CONVERSION = YES;
				GCC_WARN_ABOUT_RETURN_TYPE = YES_ERROR;
				GCC_WARN_UNDECLARED_SELECTOR = YES;
				GCC_WARN_UNINITIALIZED_AUTOS = YES_AGGRESSIVE;
				GCC_WARN_UNUSED_FUNCTION = YES;
				GCC_WARN_UNUSED_VARIABLE = YES;
				IPHONEOS_DEPLOYMENT_TARGET = 13.0;
				MTL_ENABLE_DEBUG_INFO = INCLUDE_SOURCE;
				MTL_FAST_MATH = YES;
				ONLY_ACTIVE_ARCH = YES;
				SDKROOT = iphoneos;
				SWIFT_ACTIVE_COMPILATION_CONDITIONS = DEBUG;
				SWIFT_OPTIMIZATION_LEVEL = "-Onone";
			};
			name = Debug;
		};
		AA59FEC524B6F3AE0020F408 /* Release */ = {
			isa = XCBuildConfiguration;
			buildSettings = {
				ALWAYS_SEARCH_USER_PATHS = NO;
				CLANG_ANALYZER_NONNULL = YES;
				CLANG_ANALYZER_NUMBER_OBJECT_CONVERSION = YES_AGGRESSIVE;
				CLANG_CXX_LANGUAGE_STANDARD = "gnu++14";
				CLANG_CXX_LIBRARY = "libc++";
				CLANG_ENABLE_MODULES = YES;
				CLANG_ENABLE_OBJC_ARC = YES;
				CLANG_ENABLE_OBJC_WEAK = YES;
				CLANG_WARN_BLOCK_CAPTURE_AUTORELEASING = YES;
				CLANG_WARN_BOOL_CONVERSION = YES;
				CLANG_WARN_COMMA = YES;
				CLANG_WARN_CONSTANT_CONVERSION = YES;
				CLANG_WARN_DEPRECATED_OBJC_IMPLEMENTATIONS = YES;
				CLANG_WARN_DIRECT_OBJC_ISA_USAGE = YES_ERROR;
				CLANG_WARN_DOCUMENTATION_COMMENTS = YES;
				CLANG_WARN_EMPTY_BODY = YES;
				CLANG_WARN_ENUM_CONVERSION = YES;
				CLANG_WARN_INFINITE_RECURSION = YES;
				CLANG_WARN_INT_CONVERSION = YES;
				CLANG_WARN_NON_LITERAL_NULL_CONVERSION = YES;
				CLANG_WARN_OBJC_IMPLICIT_RETAIN_SELF = YES;
				CLANG_WARN_OBJC_LITERAL_CONVERSION = YES;
				CLANG_WARN_OBJC_ROOT_CLASS = YES_ERROR;
				CLANG_WARN_RANGE_LOOP_ANALYSIS = YES;
				CLANG_WARN_STRICT_PROTOTYPES = YES;
				CLANG_WARN_SUSPICIOUS_MOVE = YES;
				CLANG_WARN_UNGUARDED_AVAILABILITY = YES_AGGRESSIVE;
				CLANG_WARN_UNREACHABLE_CODE = YES;
				CLANG_WARN__DUPLICATE_METHOD_MATCH = YES;
				COPY_PHASE_STRIP = NO;
				DEBUG_INFORMATION_FORMAT = "dwarf-with-dsym";
				ENABLE_NS_ASSERTIONS = NO;
				ENABLE_STRICT_OBJC_MSGSEND = YES;
				GCC_C_LANGUAGE_STANDARD = gnu11;
				GCC_NO_COMMON_BLOCKS = YES;
				GCC_WARN_64_TO_32_BIT_CONVERSION = YES;
				GCC_WARN_ABOUT_RETURN_TYPE = YES_ERROR;
				GCC_WARN_UNDECLARED_SELECTOR = YES;
				GCC_WARN_UNINITIALIZED_AUTOS = YES_AGGRESSIVE;
				GCC_WARN_UNUSED_FUNCTION = YES;
				GCC_WARN_UNUSED_VARIABLE = YES;
				IPHONEOS_DEPLOYMENT_TARGET = 13.0;
				MTL_ENABLE_DEBUG_INFO = NO;
				MTL_FAST_MATH = YES;
				SDKROOT = iphoneos;
				SWIFT_COMPILATION_MODE = wholemodule;
				SWIFT_OPTIMIZATION_LEVEL = "-O";
				VALIDATE_PRODUCT = YES;
			};
			name = Release;
		};
		AA59FEC724B6F3AE0020F408 /* Debug */ = {
			isa = XCBuildConfiguration;
			buildSettings = {
				ASSETCATALOG_COMPILER_APPICON_NAME = AppIcon;
				CODE_SIGN_STYLE = Automatic;
				DEVELOPMENT_TEAM = P4YGDY6JXA;
				INFOPLIST_FILE = "$(SRCROOT)/iGitHub/Support files/Info.plist";
				LD_RUNPATH_SEARCH_PATHS = (
					"$(inherited)",
					"@executable_path/Frameworks",
				);
				PRODUCT_BUNDLE_IDENTIFIER = ioslam.co.iGitHub;
				PRODUCT_NAME = "$(TARGET_NAME)";
				SWIFT_VERSION = 5.0;
				TARGETED_DEVICE_FAMILY = 1;
			};
			name = Debug;
		};
		AA59FEC824B6F3AE0020F408 /* Release */ = {
			isa = XCBuildConfiguration;
			buildSettings = {
				ASSETCATALOG_COMPILER_APPICON_NAME = AppIcon;
				CODE_SIGN_STYLE = Automatic;
				DEVELOPMENT_TEAM = P4YGDY6JXA;
				INFOPLIST_FILE = "$(SRCROOT)/iGitHub/Support files/Info.plist";
				LD_RUNPATH_SEARCH_PATHS = (
					"$(inherited)",
					"@executable_path/Frameworks",
				);
				PRODUCT_BUNDLE_IDENTIFIER = ioslam.co.iGitHub;
				PRODUCT_NAME = "$(TARGET_NAME)";
				SWIFT_VERSION = 5.0;
				TARGETED_DEVICE_FAMILY = 1;
			};
			name = Release;
		};
/* End XCBuildConfiguration section */

/* Begin XCConfigurationList section */
		AA59FEAD24B6F3AC0020F408 /* Build configuration list for PBXProject "iGitHub" */ = {
			isa = XCConfigurationList;
			buildConfigurations = (
				AA59FEC424B6F3AE0020F408 /* Debug */,
				AA59FEC524B6F3AE0020F408 /* Release */,
			);
			defaultConfigurationIsVisible = 0;
			defaultConfigurationName = Release;
		};
		AA59FEC624B6F3AE0020F408 /* Build configuration list for PBXNativeTarget "iGitHub" */ = {
			isa = XCConfigurationList;
			buildConfigurations = (
				AA59FEC724B6F3AE0020F408 /* Debug */,
				AA59FEC824B6F3AE0020F408 /* Release */,
			);
			defaultConfigurationIsVisible = 0;
			defaultConfigurationName = Release;
		};
/* End XCConfigurationList section */
	};
	rootObject = AA59FEAA24B6F3AC0020F408 /* Project object */;
}
